
Microsoft Visual Studio Solution File, Format Version 12.00
# Visual Studio Version 16
VisualStudioVersion = 16.0.30104.148
MinimumVisualStudioVersion = 10.0.40219.1
Project("{FAE04EC0-301F-11D3-BF4B-00C04F79EFBC}") = "RestWithAspNetCoreUdemy", "RestWithAspNetCoreUdemy\RestWithAspNetCoreUdemy.csproj", "{70755EF0-1600-48E6-94C4-E50C463BAB4A}"
EndProject
Global
	GlobalSection(SolutionConfigurationPlatforms) = preSolution
		Debug|Any CPU = Debug|Any CPU
		Release|Any CPU = Release|Any CPU
	EndGlobalSection
	GlobalSection(ProjectConfigurationPlatforms) = postSolution
		{70755EF0-1600-48E6-94C4-E50C463BAB4A}.Debug|Any CPU.ActiveCfg = Debug|Any CPU
		{70755EF0-1600-48E6-94C4-E50C463BAB4A}.Debug|Any CPU.Build.0 = Debug|Any CPU
		{70755EF0-1600-48E6-94C4-E50C463BAB4A}.Release|Any CPU.ActiveCfg = Release|Any CPU
		{70755EF0-1600-48E6-94C4-E50C463BAB4A}.Release|Any CPU.Build.0 = Release|Any CPU
	EndGlobalSection
	GlobalSection(SolutionProperties) = preSolution
		HideSolutionNode = FALSE
	EndGlobalSection
	GlobalSection(ExtensibilityGlobals) = postSolution
		SolutionGuid = {844F116D-4381-4A04-A5D2-F0EF6B059107}
	EndGlobalSection
EndGlobal
